
Microsoft Visual Studio Solution File, Format Version 12.00
Project("{FAE04EC0-301F-11D3-BF4B-00C04F79EFBC}") = "Monolith.Warehouse", "Monolith.Warehouse\Monolith.Warehouse.csproj", "{AEC7CED7-429B-44A6-B084-BDA15E2BC189}"
EndProject
Project("{FAE04EC0-301F-11D3-BF4B-00C04F79EFBC}") = "Monolith.API", "Monolith.API\Monolith.API.csproj", "{AEA732D6-5BCF-49F7-9DB9-32627985F65E}"
EndProject
Project("{FAE04EC0-301F-11D3-BF4B-00C04F79EFBC}") = "Monolith.Warehouse.Infra", "Monolith.Warehouse.Infra\Monolith.Warehouse.Infra.csproj", "{453058E6-804C-4C2E-826A-09E060802165}"
EndProject
Project("{FAE04EC0-301F-11D3-BF4B-00C04F79EFBC}") = "Monolith.Finance", "Monolith.Finance\Monolith.Finance.csproj", "{2EC80094-B7EC-413C-ACD9-89B8B3E9E9DF}"
EndProject
Project("{FAE04EC0-301F-11D3-BF4B-00C04F79EFBC}") = "Monolith.OrderManagement", "Monolith.OrderManagement\Monolith.OrderManagement.csproj", "{811A4AFA-79F2-4997-947E-8A6336FBDEC7}"
EndProject
Project("{FAE04EC0-301F-11D3-BF4B-00C04F79EFBC}") = "Monolith.ShoppingCart", "Monolith.ShoppingCart\Monolith.ShoppingCart.csproj", "{A358C768-CB33-47E1-BCFE-45AC48A9DBFE}"
EndProject
Global
	GlobalSection(SolutionConfigurationPlatforms) = preSolution
		Debug|Any CPU = Debug|Any CPU
		Release|Any CPU = Release|Any CPU
	EndGlobalSection
	GlobalSection(ProjectConfigurationPlatforms) = postSolution
		{AEC7CED7-429B-44A6-B084-BDA15E2BC189}.Debug|Any CPU.ActiveCfg = Debug|Any CPU
		{AEC7CED7-429B-44A6-B084-BDA15E2BC189}.Debug|Any CPU.Build.0 = Debug|Any CPU
		{AEC7CED7-429B-44A6-B084-BDA15E2BC189}.Release|Any CPU.ActiveCfg = Release|Any CPU
		{AEC7CED7-429B-44A6-B084-BDA15E2BC189}.Release|Any CPU.Build.0 = Release|Any CPU
		{AEA732D6-5BCF-49F7-9DB9-32627985F65E}.Debug|Any CPU.ActiveCfg = Debug|Any CPU
		{AEA732D6-5BCF-49F7-9DB9-32627985F65E}.Debug|Any CPU.Build.0 = Debug|Any CPU
		{AEA732D6-5BCF-49F7-9DB9-32627985F65E}.Release|Any CPU.ActiveCfg = Release|Any CPU
		{AEA732D6-5BCF-49F7-9DB9-32627985F65E}.Release|Any CPU.Build.0 = Release|Any CPU
		{453058E6-804C-4C2E-826A-09E060802165}.Debug|Any CPU.ActiveCfg = Debug|Any CPU
		{453058E6-804C-4C2E-826A-09E060802165}.Debug|Any CPU.Build.0 = Debug|Any CPU
		{453058E6-804C-4C2E-826A-09E060802165}.Release|Any CPU.ActiveCfg = Release|Any CPU
		{453058E6-804C-4C2E-826A-09E060802165}.Release|Any CPU.Build.0 = Release|Any CPU
		{2EC80094-B7EC-413C-ACD9-89B8B3E9E9DF}.Debug|Any CPU.ActiveCfg = Debug|Any CPU
		{2EC80094-B7EC-413C-ACD9-89B8B3E9E9DF}.Debug|Any CPU.Build.0 = Debug|Any CPU
		{2EC80094-B7EC-413C-ACD9-89B8B3E9E9DF}.Release|Any CPU.ActiveCfg = Release|Any CPU
		{2EC80094-B7EC-413C-ACD9-89B8B3E9E9DF}.Release|Any CPU.Build.0 = Release|Any CPU
		{811A4AFA-79F2-4997-947E-8A6336FBDEC7}.Debug|Any CPU.ActiveCfg = Debug|Any CPU
		{811A4AFA-79F2-4997-947E-8A6336FBDEC7}.Debug|Any CPU.Build.0 = Debug|Any CPU
		{811A4AFA-79F2-4997-947E-8A6336FBDEC7}.Release|Any CPU.ActiveCfg = Release|Any CPU
		{811A4AFA-79F2-4997-947E-8A6336FBDEC7}.Release|Any CPU.Build.0 = Release|Any CPU
		{A358C768-CB33-47E1-BCFE-45AC48A9DBFE}.Debug|Any CPU.ActiveCfg = Debug|Any CPU
		{A358C768-CB33-47E1-BCFE-45AC48A9DBFE}.Debug|Any CPU.Build.0 = Debug|Any CPU
		{A358C768-CB33-47E1-BCFE-45AC48A9DBFE}.Release|Any CPU.ActiveCfg = Release|Any CPU
		{A358C768-CB33-47E1-BCFE-45AC48A9DBFE}.Release|Any CPU.Build.0 = Release|Any CPU
	EndGlobalSection
EndGlobal
