
Microsoft Visual Studio Solution File, Format Version 12.00
Project("{FAE04EC0-301F-11D3-BF4B-00C04F79EFBC}") = "Monolith.Warehouse", "Monolith\Monolith.Warehouse\Monolith.Warehouse.csproj", "{AEC7CED7-429B-44A6-B084-BDA15E2BC189}"
EndProject
Project("{FAE04EC0-301F-11D3-BF4B-00C04F79EFBC}") = "Monolith.API", "Monolith\Monolith.API\Monolith.API.csproj", "{AEA732D6-5BCF-49F7-9DB9-32627985F65E}"
EndProject
Project("{FAE04EC0-301F-11D3-BF4B-00C04F79EFBC}") = "Monolith.Infra", "Monolith\Monolith.Infra\Monolith.Infra.csproj", "{453058E6-804C-4C2E-826A-09E060802165}"
EndProject
Project("{FAE04EC0-301F-11D3-BF4B-00C04F79EFBC}") = "Monolith.OrderManagement", "Monolith\Monolith.OrderManagement\Monolith.OrderManagement.csproj", "{811A4AFA-79F2-4997-947E-8A6336FBDEC7}"
EndProject
Project("{FAE04EC0-301F-11D3-BF4B-00C04F79EFBC}") = "Monolith.ShoppingCart", "Monolith\Monolith.ShoppingCart\Monolith.ShoppingCart.csproj", "{A358C768-CB33-47E1-BCFE-45AC48A9DBFE}"
EndProject
Project("{FAE04EC0-301F-11D3-BF4B-00C04F79EFBC}") = "Monolith.Simulation", "Monolith\Monolith.Simulation\Monolith.Simulation.csproj", "{C1FE2808-F50F-4459-8D72-517B905597BD}"
EndProject
Project("{FAE04EC0-301F-11D3-BF4B-00C04F79EFBC}") = "Monolith.Integration", "Monolith\Monolith.Integration\Monolith.Integration.csproj", "{102F4A3F-2373-42A3-905E-26606070181A}"
EndProject
Project("{2150E333-8FDC-42A3-9474-1A3956D46DE8}") = "Monolith", "Monolith", "{3C325695-536E-41B1-A27F-88E6EE212DBD}"
EndProject
Project("{2150E333-8FDC-42A3-9474-1A3956D46DE8}") = "Services", "Services", "{3C09DEBF-F936-4DEC-8602-219987CC47AF}"
EndProject
Project("{2150E333-8FDC-42A3-9474-1A3956D46DE8}") = "ShoppingCart", "ShoppingCart", "{03468E0B-80A8-45A1-B43D-206527FA6C2D}"
EndProject
Project("{FAE04EC0-301F-11D3-BF4B-00C04F79EFBC}") = "ShoppingCart.API", "Services\ShoppingCart\ShoppingCart.API\ShoppingCart.API.csproj", "{83CBF959-6D1E-4D85-8766-A6AEF2907EFF}"
EndProject
Project("{FAE04EC0-301F-11D3-BF4B-00C04F79EFBC}") = "ShoppingCart.Infra", "Services\ShoppingCart\ShoppingCart.Infra\ShoppingCart.Infra.csproj", "{275EDDF6-CB55-4F76-9629-09C3657EF409}"
EndProject
Project("{2150E333-8FDC-42A3-9474-1A3956D46DE8}") = "ApiGateway", "ApiGateway", "{ED3D9C8A-8DBE-4EFD-82FE-5A01F9852F02}"
EndProject
Project("{2150E333-8FDC-42A3-9474-1A3956D46DE8}") = "BoundedContexts", "BoundedContexts", "{AAC5E76C-2AC6-4384-8F2C-9EB4659CC20F}"
EndProject
Project("{2150E333-8FDC-42A3-9474-1A3956D46DE8}") = "Infra", "Infra", "{262C0CCC-CFF3-4C14-92FC-D8D3DA0DF62B}"
EndProject
Project("{FAE04EC0-301F-11D3-BF4B-00C04F79EFBC}") = "Common.Infra", "Common.Infra\Common.Infra.csproj", "{B0401270-1B8D-449B-AF62-BD5884F75E89}"
EndProject
Project("{FAE04EC0-301F-11D3-BF4B-00C04F79EFBC}") = "ShoppingCart.Core", "Services\ShoppingCart\ShoppingCart.Core\ShoppingCart.Core.csproj", "{1126FED6-8F8F-4BDA-A3AF-0A5D7F9EE668}"
EndProject
Project("{FAE04EC0-301F-11D3-BF4B-00C04F79EFBC}") = "Web.ApiGateway", "ApiGateway\Web.ApiGateway\Web.ApiGateway.csproj", "{89962CCE-05C9-40FD-8010-B5B4303BA2E4}"
EndProject
Global
	GlobalSection(SolutionConfigurationPlatforms) = preSolution
		Debug|Any CPU = Debug|Any CPU
		Release|Any CPU = Release|Any CPU
	EndGlobalSection
	GlobalSection(ProjectConfigurationPlatforms) = postSolution
		{AEC7CED7-429B-44A6-B084-BDA15E2BC189}.Debug|Any CPU.ActiveCfg = Debug|Any CPU
		{AEC7CED7-429B-44A6-B084-BDA15E2BC189}.Debug|Any CPU.Build.0 = Debug|Any CPU
		{AEC7CED7-429B-44A6-B084-BDA15E2BC189}.Release|Any CPU.ActiveCfg = Release|Any CPU
		{AEC7CED7-429B-44A6-B084-BDA15E2BC189}.Release|Any CPU.Build.0 = Release|Any CPU
		{AEA732D6-5BCF-49F7-9DB9-32627985F65E}.Debug|Any CPU.ActiveCfg = Debug|Any CPU
		{AEA732D6-5BCF-49F7-9DB9-32627985F65E}.Debug|Any CPU.Build.0 = Debug|Any CPU
		{AEA732D6-5BCF-49F7-9DB9-32627985F65E}.Release|Any CPU.ActiveCfg = Release|Any CPU
		{AEA732D6-5BCF-49F7-9DB9-32627985F65E}.Release|Any CPU.Build.0 = Release|Any CPU
		{453058E6-804C-4C2E-826A-09E060802165}.Debug|Any CPU.ActiveCfg = Debug|Any CPU
		{453058E6-804C-4C2E-826A-09E060802165}.Debug|Any CPU.Build.0 = Debug|Any CPU
		{453058E6-804C-4C2E-826A-09E060802165}.Release|Any CPU.ActiveCfg = Release|Any CPU
		{453058E6-804C-4C2E-826A-09E060802165}.Release|Any CPU.Build.0 = Release|Any CPU
		{811A4AFA-79F2-4997-947E-8A6336FBDEC7}.Debug|Any CPU.ActiveCfg = Debug|Any CPU
		{811A4AFA-79F2-4997-947E-8A6336FBDEC7}.Debug|Any CPU.Build.0 = Debug|Any CPU
		{811A4AFA-79F2-4997-947E-8A6336FBDEC7}.Release|Any CPU.ActiveCfg = Release|Any CPU
		{811A4AFA-79F2-4997-947E-8A6336FBDEC7}.Release|Any CPU.Build.0 = Release|Any CPU
		{A358C768-CB33-47E1-BCFE-45AC48A9DBFE}.Debug|Any CPU.ActiveCfg = Debug|Any CPU
		{A358C768-CB33-47E1-BCFE-45AC48A9DBFE}.Debug|Any CPU.Build.0 = Debug|Any CPU
		{A358C768-CB33-47E1-BCFE-45AC48A9DBFE}.Release|Any CPU.ActiveCfg = Release|Any CPU
		{A358C768-CB33-47E1-BCFE-45AC48A9DBFE}.Release|Any CPU.Build.0 = Release|Any CPU
		{C1FE2808-F50F-4459-8D72-517B905597BD}.Debug|Any CPU.ActiveCfg = Debug|Any CPU
		{C1FE2808-F50F-4459-8D72-517B905597BD}.Debug|Any CPU.Build.0 = Debug|Any CPU
		{C1FE2808-F50F-4459-8D72-517B905597BD}.Release|Any CPU.ActiveCfg = Release|Any CPU
		{C1FE2808-F50F-4459-8D72-517B905597BD}.Release|Any CPU.Build.0 = Release|Any CPU
		{102F4A3F-2373-42A3-905E-26606070181A}.Debug|Any CPU.ActiveCfg = Debug|Any CPU
		{102F4A3F-2373-42A3-905E-26606070181A}.Debug|Any CPU.Build.0 = Debug|Any CPU
		{102F4A3F-2373-42A3-905E-26606070181A}.Release|Any CPU.ActiveCfg = Release|Any CPU
		{102F4A3F-2373-42A3-905E-26606070181A}.Release|Any CPU.Build.0 = Release|Any CPU
		{83CBF959-6D1E-4D85-8766-A6AEF2907EFF}.Debug|Any CPU.ActiveCfg = Debug|Any CPU
		{83CBF959-6D1E-4D85-8766-A6AEF2907EFF}.Debug|Any CPU.Build.0 = Debug|Any CPU
		{83CBF959-6D1E-4D85-8766-A6AEF2907EFF}.Release|Any CPU.ActiveCfg = Release|Any CPU
		{83CBF959-6D1E-4D85-8766-A6AEF2907EFF}.Release|Any CPU.Build.0 = Release|Any CPU
		{275EDDF6-CB55-4F76-9629-09C3657EF409}.Debug|Any CPU.ActiveCfg = Debug|Any CPU
		{275EDDF6-CB55-4F76-9629-09C3657EF409}.Debug|Any CPU.Build.0 = Debug|Any CPU
		{275EDDF6-CB55-4F76-9629-09C3657EF409}.Release|Any CPU.ActiveCfg = Release|Any CPU
		{275EDDF6-CB55-4F76-9629-09C3657EF409}.Release|Any CPU.Build.0 = Release|Any CPU
		{B0401270-1B8D-449B-AF62-BD5884F75E89}.Debug|Any CPU.ActiveCfg = Debug|Any CPU
		{B0401270-1B8D-449B-AF62-BD5884F75E89}.Debug|Any CPU.Build.0 = Debug|Any CPU
		{B0401270-1B8D-449B-AF62-BD5884F75E89}.Release|Any CPU.ActiveCfg = Release|Any CPU
		{B0401270-1B8D-449B-AF62-BD5884F75E89}.Release|Any CPU.Build.0 = Release|Any CPU
		{1126FED6-8F8F-4BDA-A3AF-0A5D7F9EE668}.Debug|Any CPU.ActiveCfg = Debug|Any CPU
		{1126FED6-8F8F-4BDA-A3AF-0A5D7F9EE668}.Debug|Any CPU.Build.0 = Debug|Any CPU
		{1126FED6-8F8F-4BDA-A3AF-0A5D7F9EE668}.Release|Any CPU.ActiveCfg = Release|Any CPU
		{1126FED6-8F8F-4BDA-A3AF-0A5D7F9EE668}.Release|Any CPU.Build.0 = Release|Any CPU
		{89962CCE-05C9-40FD-8010-B5B4303BA2E4}.Debug|Any CPU.ActiveCfg = Debug|Any CPU
		{89962CCE-05C9-40FD-8010-B5B4303BA2E4}.Debug|Any CPU.Build.0 = Debug|Any CPU
		{89962CCE-05C9-40FD-8010-B5B4303BA2E4}.Release|Any CPU.ActiveCfg = Release|Any CPU
		{89962CCE-05C9-40FD-8010-B5B4303BA2E4}.Release|Any CPU.Build.0 = Release|Any CPU
	EndGlobalSection
	GlobalSection(NestedProjects) = preSolution
		{AEA732D6-5BCF-49F7-9DB9-32627985F65E} = {3C325695-536E-41B1-A27F-88E6EE212DBD}
		{102F4A3F-2373-42A3-905E-26606070181A} = {3C325695-536E-41B1-A27F-88E6EE212DBD}
		{03468E0B-80A8-45A1-B43D-206527FA6C2D} = {3C09DEBF-F936-4DEC-8602-219987CC47AF}
		{83CBF959-6D1E-4D85-8766-A6AEF2907EFF} = {03468E0B-80A8-45A1-B43D-206527FA6C2D}
		{275EDDF6-CB55-4F76-9629-09C3657EF409} = {03468E0B-80A8-45A1-B43D-206527FA6C2D}
		{AAC5E76C-2AC6-4384-8F2C-9EB4659CC20F} = {3C325695-536E-41B1-A27F-88E6EE212DBD}
		{262C0CCC-CFF3-4C14-92FC-D8D3DA0DF62B} = {3C325695-536E-41B1-A27F-88E6EE212DBD}
		{453058E6-804C-4C2E-826A-09E060802165} = {262C0CCC-CFF3-4C14-92FC-D8D3DA0DF62B}
		{811A4AFA-79F2-4997-947E-8A6336FBDEC7} = {AAC5E76C-2AC6-4384-8F2C-9EB4659CC20F}
		{A358C768-CB33-47E1-BCFE-45AC48A9DBFE} = {AAC5E76C-2AC6-4384-8F2C-9EB4659CC20F}
		{C1FE2808-F50F-4459-8D72-517B905597BD} = {AAC5E76C-2AC6-4384-8F2C-9EB4659CC20F}
		{AEC7CED7-429B-44A6-B084-BDA15E2BC189} = {AAC5E76C-2AC6-4384-8F2C-9EB4659CC20F}
		{1126FED6-8F8F-4BDA-A3AF-0A5D7F9EE668} = {03468E0B-80A8-45A1-B43D-206527FA6C2D}
		{89962CCE-05C9-40FD-8010-B5B4303BA2E4} = {ED3D9C8A-8DBE-4EFD-82FE-5A01F9852F02}
	EndGlobalSection
EndGlobal
